
Microsoft Visual Studio Solution File, Format Version 12.00
# Visual Studio 15
VisualStudioVersion = 15.0.28307.421
MinimumVisualStudioVersion = 10.0.40219.1
Project("{FAE04EC0-301F-11D3-BF4B-00C04F79EFBC}") = "Entidades", "Entidades\Entidades.csproj", "{7732B7B8-5EC0-451E-8E3E-E299BE4344BF}"
EndProject
Project("{FAE04EC0-301F-11D3-BF4B-00C04F79EFBC}") = "Negocio", "Negocio\Negocio.csproj", "{4E4CE8F7-E7ED-4CE7-98BA-6F93F9129983}"
EndProject
Project("{FAE04EC0-301F-11D3-BF4B-00C04F79EFBC}") = "Escritorio", "Escritorio\Escritorio.csproj", "{A79EC612-F08B-4CEC-BD16-A26F508F23C9}"
EndProject
Project("{FAE04EC0-301F-11D3-BF4B-00C04F79EFBC}") = "BD", "BD\BD.csproj", "{C17F94F5-0EB4-4AD2-B11A-64FEBCAD73C6}"
EndProject
Project("{54435603-DBB4-11D2-8724-00A0C9A8B90C}") = "Setup1", "Setup1\Setup1.vdproj", "{410670A9-F262-45CE-93EC-3DBFAD706939}"
EndProject
Global
	GlobalSection(SolutionConfigurationPlatforms) = preSolution
		Debug|Any CPU = Debug|Any CPU
		Release|Any CPU = Release|Any CPU
	EndGlobalSection
	GlobalSection(ProjectConfigurationPlatforms) = postSolution
		{7732B7B8-5EC0-451E-8E3E-E299BE4344BF}.Debug|Any CPU.ActiveCfg = Debug|Any CPU
		{7732B7B8-5EC0-451E-8E3E-E299BE4344BF}.Debug|Any CPU.Build.0 = Debug|Any CPU
		{7732B7B8-5EC0-451E-8E3E-E299BE4344BF}.Release|Any CPU.ActiveCfg = Release|Any CPU
		{7732B7B8-5EC0-451E-8E3E-E299BE4344BF}.Release|Any CPU.Build.0 = Release|Any CPU
		{4E4CE8F7-E7ED-4CE7-98BA-6F93F9129983}.Debug|Any CPU.ActiveCfg = Debug|Any CPU
		{4E4CE8F7-E7ED-4CE7-98BA-6F93F9129983}.Debug|Any CPU.Build.0 = Debug|Any CPU
		{4E4CE8F7-E7ED-4CE7-98BA-6F93F9129983}.Release|Any CPU.ActiveCfg = Release|Any CPU
		{4E4CE8F7-E7ED-4CE7-98BA-6F93F9129983}.Release|Any CPU.Build.0 = Release|Any CPU
		{A79EC612-F08B-4CEC-BD16-A26F508F23C9}.Debug|Any CPU.ActiveCfg = Debug|Any CPU
		{A79EC612-F08B-4CEC-BD16-A26F508F23C9}.Debug|Any CPU.Build.0 = Debug|Any CPU
		{A79EC612-F08B-4CEC-BD16-A26F508F23C9}.Release|Any CPU.ActiveCfg = Release|Any CPU
		{A79EC612-F08B-4CEC-BD16-A26F508F23C9}.Release|Any CPU.Build.0 = Release|Any CPU
		{C17F94F5-0EB4-4AD2-B11A-64FEBCAD73C6}.Debug|Any CPU.ActiveCfg = Debug|Any CPU
		{C17F94F5-0EB4-4AD2-B11A-64FEBCAD73C6}.Debug|Any CPU.Build.0 = Debug|Any CPU
		{C17F94F5-0EB4-4AD2-B11A-64FEBCAD73C6}.Release|Any CPU.ActiveCfg = Release|Any CPU
		{C17F94F5-0EB4-4AD2-B11A-64FEBCAD73C6}.Release|Any CPU.Build.0 = Release|Any CPU
		{410670A9-F262-45CE-93EC-3DBFAD706939}.Debug|Any CPU.ActiveCfg = Debug
		{410670A9-F262-45CE-93EC-3DBFAD706939}.Release|Any CPU.ActiveCfg = Release
	EndGlobalSection
	GlobalSection(SolutionProperties) = preSolution
		HideSolutionNode = FALSE
	EndGlobalSection
	GlobalSection(ExtensibilityGlobals) = postSolution
		SolutionGuid = {AE932896-3F3E-45B4-A1A0-04728CA4041F}
	EndGlobalSection
EndGlobal
